
Microsoft Visual Studio Solution File, Format Version 12.00
# Visual Studio Version 17
VisualStudioVersion = 17.7.34024.191
MinimumVisualStudioVersion = 10.0.40219.1
Project("{FAE04EC0-301F-11D3-BF4B-00C04F79EFBC}") = "TrabajoPractico3", "TrabajoPractico3\TrabajoPractico3.csproj", "{96F90803-066F-46A4-BD64-9012D62828D4}"
EndProject
Global
	GlobalSection(SolutionConfigurationPlatforms) = preSolution
		Debug|Any CPU = Debug|Any CPU
		Release|Any CPU = Release|Any CPU
	EndGlobalSection
	GlobalSection(ProjectConfigurationPlatforms) = postSolution
		{96F90803-066F-46A4-BD64-9012D62828D4}.Debug|Any CPU.ActiveCfg = Debug|Any CPU
		{96F90803-066F-46A4-BD64-9012D62828D4}.Debug|Any CPU.Build.0 = Debug|Any CPU
		{96F90803-066F-46A4-BD64-9012D62828D4}.Release|Any CPU.ActiveCfg = Release|Any CPU
		{96F90803-066F-46A4-BD64-9012D62828D4}.Release|Any CPU.Build.0 = Release|Any CPU
	EndGlobalSection
	GlobalSection(SolutionProperties) = preSolution
		HideSolutionNode = FALSE
	EndGlobalSection
	GlobalSection(ExtensibilityGlobals) = postSolution
		SolutionGuid = {E9E97341-600E-4BD0-9C4C-1ED857512D31}
	EndGlobalSection
EndGlobal
